Microsoft Visual Studio Solution File, Format Version 8.00
Project("{8BC9CEB8-8B4A-11D0-8D11-00A0C91BC942}") = "infi_app", "infi_app\infi_app.vcproj", "{C62950FE-F583-4C1F-83F4-4F106EFD52F4}"
	ProjectSection(ProjectDependencies) = postProject
		{624282D0-8169-423E-B330-0C7CBD4C9254} = {624282D0-8169-423E-B330-0C7CBD4C9254}
	EndProjectSection
EndProject
Project("{8BC9CEB8-8B4A-11D0-8D11-00A0C91BC942}") = "Simple Nav Plug-in", "SimpleNavPlugin\SimpleNavPlugin.vcproj", "{D7095554-E63D-44C2-B944-116EB7458306}"
	ProjectSection(ProjectDependencies) = postProject
		{624282D0-8169-423E-B330-0C7CBD4C9254} = {624282D0-8169-423E-B330-0C7CBD4C9254}
	EndProjectSection
EndProject
Project("{8BC9CEB8-8B4A-11D0-8D11-00A0C91BC942}") = "IOV DLL", "IOV\iov.vcproj", "{624282D0-8169-423E-B330-0C7CBD4C9254}"
	ProjectSection(ProjectDependencies) = postProject
	EndProjectSection
EndProject
Project("{8BC9CEB8-8B4A-11D0-8D11-00A0C91BC942}") = "Center Point Grab Plug-in", "CenterPointGrabPlugin\CenterPointGrabPlugin.vcproj", "{84D25702-83BA-4AB0-8BAB-C9ACD7C425C5}"
	ProjectSection(ProjectDependencies) = postProject
		{624282D0-8169-423E-B330-0C7CBD4C9254} = {624282D0-8169-423E-B330-0C7CBD4C9254}
	EndProjectSection
EndProject
Project("{8BC9CEB8-8B4A-11D0-8D11-00A0C91BC942}") = "Mode Switch Plug-in", "ModeSwitchPlugin\ModeSwitchPlugin.vcproj", "{AD7EA7CC-5C2B-4409-AF41-AD23E51E5538}"
	ProjectSection(ProjectDependencies) = postProject
		{624282D0-8169-423E-B330-0C7CBD4C9254} = {624282D0-8169-423E-B330-0C7CBD4C9254}
	EndProjectSection
EndProject
Project("{8BC9CEB8-8B4A-11D0-8D11-00A0C91BC942}") = "Point Grab Plug-in", "PointGrabPlugin\PointGrabPlugin.vcproj", "{609FF498-5686-4CF6-A9E6-EC801A07C8B1}"
	ProjectSection(ProjectDependencies) = postProject
		{624282D0-8169-423E-B330-0C7CBD4C9254} = {624282D0-8169-423E-B330-0C7CBD4C9254}
	EndProjectSection
EndProject
Project("{8BC9CEB8-8B4A-11D0-8D11-00A0C91BC942}") = "Viewpoints Plug-in", "ViewpointsPlugin\ViewpointsPlugin.vcproj", "{A5B4D50C-3F5A-43EA-B9F6-6A06EA5780B3}"
	ProjectSection(ProjectDependencies) = postProject
		{624282D0-8169-423E-B330-0C7CBD4C9254} = {624282D0-8169-423E-B330-0C7CBD4C9254}
	EndProjectSection
EndProject
Project("{8BC9CEB8-8B4A-11D0-8D11-00A0C91BC942}") = "Wand Nav Plug-in", "WandNavPlugin\WandNavPlugin.vcproj", "{ACCCF9F2-B4D3-4B6F-86B2-B8A5198CA38E}"
	ProjectSection(ProjectDependencies) = postProject
		{624282D0-8169-423E-B330-0C7CBD4C9254} = {624282D0-8169-423E-B330-0C7CBD4C9254}
	EndProjectSection
EndProject
Project("{8BC9CEB8-8B4A-11D0-8D11-00A0C91BC942}") = "slaveViewer", "SlaveViewer\slaveViewer.vcproj", "{9A98F258-1C50-4BE4-8DB7-C831D1952209}"
	ProjectSection(ProjectDependencies) = postProject
		{624282D0-8169-423E-B330-0C7CBD4C9254} = {624282D0-8169-423E-B330-0C7CBD4C9254}
	EndProjectSection
EndProject
Project("{8BC9CEB8-8B4A-11D0-8D11-00A0C91BC942}") = "ui_test", "ui_test\ui_test.vcproj", "{1FBF9A9D-95E7-43A2-8821-A85EF050DA09}"
	ProjectSection(ProjectDependencies) = postProject
		{624282D0-8169-423E-B330-0C7CBD4C9254} = {624282D0-8169-423E-B330-0C7CBD4C9254}
	EndProjectSection
EndProject
Project("{8BC9CEB8-8B4A-11D0-8D11-00A0C91BC942}") = "Logo Plug-in", "LogoPlugin\LogoPlugin.vcproj", "{32089222-7A08-4558-9178-A900635CC32F}"
	ProjectSection(ProjectDependencies) = postProject
		{624282D0-8169-423E-B330-0C7CBD4C9254} = {624282D0-8169-423E-B330-0C7CBD4C9254}
	EndProjectSection
EndProject
Global
	GlobalSection(SolutionConfiguration) = preSolution
		DebugDLL = DebugDLL
		ReleaseDLL = ReleaseDLL
	EndGlobalSection
	GlobalSection(ProjectConfiguration) = postSolution
		{C62950FE-F583-4C1F-83F4-4F106EFD52F4}.DebugDLL.ActiveCfg = DebugDLL|Win32
		{C62950FE-F583-4C1F-83F4-4F106EFD52F4}.DebugDLL.Build.0 = DebugDLL|Win32
		{C62950FE-F583-4C1F-83F4-4F106EFD52F4}.ReleaseDLL.ActiveCfg = ReleaseDLL|Win32
		{C62950FE-F583-4C1F-83F4-4F106EFD52F4}.ReleaseDLL.Build.0 = ReleaseDLL|Win32
		{D7095554-E63D-44C2-B944-116EB7458306}.DebugDLL.ActiveCfg = DebugDLL|Win32
		{D7095554-E63D-44C2-B944-116EB7458306}.DebugDLL.Build.0 = DebugDLL|Win32
		{D7095554-E63D-44C2-B944-116EB7458306}.ReleaseDLL.ActiveCfg = ReleaseDLL|Win32
		{D7095554-E63D-44C2-B944-116EB7458306}.ReleaseDLL.Build.0 = ReleaseDLL|Win32
		{624282D0-8169-423E-B330-0C7CBD4C9254}.DebugDLL.ActiveCfg = DebugDLL|Win32
		{624282D0-8169-423E-B330-0C7CBD4C9254}.DebugDLL.Build.0 = DebugDLL|Win32
		{624282D0-8169-423E-B330-0C7CBD4C9254}.ReleaseDLL.ActiveCfg = ReleaseDLL|Win32
		{624282D0-8169-423E-B330-0C7CBD4C9254}.ReleaseDLL.Build.0 = ReleaseDLL|Win32
		{84D25702-83BA-4AB0-8BAB-C9ACD7C425C5}.DebugDLL.ActiveCfg = DebugDLL|Win32
		{84D25702-83BA-4AB0-8BAB-C9ACD7C425C5}.DebugDLL.Build.0 = DebugDLL|Win32
		{84D25702-83BA-4AB0-8BAB-C9ACD7C425C5}.ReleaseDLL.ActiveCfg = ReleaseDLL|Win32
		{84D25702-83BA-4AB0-8BAB-C9ACD7C425C5}.ReleaseDLL.Build.0 = ReleaseDLL|Win32
		{AD7EA7CC-5C2B-4409-AF41-AD23E51E5538}.DebugDLL.ActiveCfg = DebugDLL|Win32
		{AD7EA7CC-5C2B-4409-AF41-AD23E51E5538}.DebugDLL.Build.0 = DebugDLL|Win32
		{AD7EA7CC-5C2B-4409-AF41-AD23E51E5538}.ReleaseDLL.ActiveCfg = ReleaseDLL|Win32
		{AD7EA7CC-5C2B-4409-AF41-AD23E51E5538}.ReleaseDLL.Build.0 = ReleaseDLL|Win32
		{609FF498-5686-4CF6-A9E6-EC801A07C8B1}.DebugDLL.ActiveCfg = DebugDLL|Win32
		{609FF498-5686-4CF6-A9E6-EC801A07C8B1}.DebugDLL.Build.0 = DebugDLL|Win32
		{609FF498-5686-4CF6-A9E6-EC801A07C8B1}.ReleaseDLL.ActiveCfg = ReleaseDLL|Win32
		{609FF498-5686-4CF6-A9E6-EC801A07C8B1}.ReleaseDLL.Build.0 = ReleaseDLL|Win32
		{A5B4D50C-3F5A-43EA-B9F6-6A06EA5780B3}.DebugDLL.ActiveCfg = DebugDLL|Win32
		{A5B4D50C-3F5A-43EA-B9F6-6A06EA5780B3}.DebugDLL.Build.0 = DebugDLL|Win32
		{A5B4D50C-3F5A-43EA-B9F6-6A06EA5780B3}.ReleaseDLL.ActiveCfg = ReleaseDLL|Win32
		{A5B4D50C-3F5A-43EA-B9F6-6A06EA5780B3}.ReleaseDLL.Build.0 = ReleaseDLL|Win32
		{ACCCF9F2-B4D3-4B6F-86B2-B8A5198CA38E}.DebugDLL.ActiveCfg = DebugDLL|Win32
		{ACCCF9F2-B4D3-4B6F-86B2-B8A5198CA38E}.DebugDLL.Build.0 = DebugDLL|Win32
		{ACCCF9F2-B4D3-4B6F-86B2-B8A5198CA38E}.ReleaseDLL.ActiveCfg = ReleaseDLL|Win32
		{ACCCF9F2-B4D3-4B6F-86B2-B8A5198CA38E}.ReleaseDLL.Build.0 = ReleaseDLL|Win32
		{9A98F258-1C50-4BE4-8DB7-C831D1952209}.DebugDLL.ActiveCfg = DebugDLL|Win32
		{9A98F258-1C50-4BE4-8DB7-C831D1952209}.DebugDLL.Build.0 = DebugDLL|Win32
		{9A98F258-1C50-4BE4-8DB7-C831D1952209}.ReleaseDLL.ActiveCfg = ReleaseDLL|Win32
		{9A98F258-1C50-4BE4-8DB7-C831D1952209}.ReleaseDLL.Build.0 = ReleaseDLL|Win32
		{1FBF9A9D-95E7-43A2-8821-A85EF050DA09}.DebugDLL.ActiveCfg = DebugDLL|Win32
		{1FBF9A9D-95E7-43A2-8821-A85EF050DA09}.DebugDLL.Build.0 = DebugDLL|Win32
		{1FBF9A9D-95E7-43A2-8821-A85EF050DA09}.ReleaseDLL.ActiveCfg = ReleaseDLL|Win32
		{1FBF9A9D-95E7-43A2-8821-A85EF050DA09}.ReleaseDLL.Build.0 = ReleaseDLL|Win32
		{32089222-7A08-4558-9178-A900635CC32F}.DebugDLL.ActiveCfg = DebugDLL|Win32
		{32089222-7A08-4558-9178-A900635CC32F}.DebugDLL.Build.0 = DebugDLL|Win32
		{32089222-7A08-4558-9178-A900635CC32F}.ReleaseDLL.ActiveCfg = ReleaseDLL|Win32
		{32089222-7A08-4558-9178-A900635CC32F}.ReleaseDLL.Build.0 = ReleaseDLL|Win32
	EndGlobalSection
	GlobalSection(ExtensibilityGlobals) = postSolution
	EndGlobalSection
	GlobalSection(ExtensibilityAddIns) = postSolution
	EndGlobalSection
EndGlobal
