Microsoft Visual Studio Solution File, Format Version 8.00
Project("{8BC9CEB8-8B4A-11D0-8D11-00A0C91BC942}") = "infi_app", "infi_app\infi_app.vcproj", "{C62950FE-F583-4C1F-83F4-4F106EFD52F4}"
	ProjectSection(ProjectDependencies) = postProject
		{624282D0-8169-423E-B330-0C7CBD4C9254} = {624282D0-8169-423E-B330-0C7CBD4C9254}
	EndProjectSection
EndProject
Project("{8BC9CEB8-8B4A-11D0-8D11-00A0C91BC942}") = "Simple Nav Plug-in", "SimpleNavPlugin\SimpleNavPlugin.vcproj", "{D7095554-E63D-44C2-B944-116EB7458306}"
	ProjectSection(ProjectDependencies) = postProject
		{624282D0-8169-423E-B330-0C7CBD4C9254} = {624282D0-8169-423E-B330-0C7CBD4C9254}
	EndProjectSection
EndProject
Project("{8BC9CEB8-8B4A-11D0-8D11-00A0C91BC942}") = "IOV DLL", "IOV\iov.vcproj", "{624282D0-8169-423E-B330-0C7CBD4C9254}"
	ProjectSection(ProjectDependencies) = postProject
	EndProjectSection
EndProject
Project("{8BC9CEB8-8B4A-11D0-8D11-00A0C91BC942}") = "Mode Switch Plug-in", "ModeSwitchPlugin\ModeSwitchPlugin.vcproj", "{AD7EA7CC-5C2B-4409-AF41-AD23E51E5538}"
	ProjectSection(ProjectDependencies) = postProject
		{624282D0-8169-423E-B330-0C7CBD4C9254} = {624282D0-8169-423E-B330-0C7CBD4C9254}
	EndProjectSection
EndProject
Project("{8BC9CEB8-8B4A-11D0-8D11-00A0C91BC942}") = "Viewpoints Plug-in", "ViewpointsPlugin\ViewpointsPlugin.vcproj", "{A5B4D50C-3F5A-43EA-B9F6-6A06EA5780B3}"
	ProjectSection(ProjectDependencies) = postProject
		{624282D0-8169-423E-B330-0C7CBD4C9254} = {624282D0-8169-423E-B330-0C7CBD4C9254}
	EndProjectSection
EndProject
Project("{8BC9CEB8-8B4A-11D0-8D11-00A0C91BC942}") = "Wand Nav Plug-in", "WandNavPlugin\WandNavPlugin.vcproj", "{ACCCF9F2-B4D3-4B6F-86B2-B8A5198CA38E}"
	ProjectSection(ProjectDependencies) = postProject
		{624282D0-8169-423E-B330-0C7CBD4C9254} = {624282D0-8169-423E-B330-0C7CBD4C9254}
	EndProjectSection
EndProject
Project("{8BC9CEB8-8B4A-11D0-8D11-00A0C91BC942}") = "slaveViewer", "SlaveViewer\slaveViewer.vcproj", "{9A98F258-1C50-4BE4-8DB7-C831D1952209}"
	ProjectSection(ProjectDependencies) = postProject
		{624282D0-8169-423E-B330-0C7CBD4C9254} = {624282D0-8169-423E-B330-0C7CBD4C9254}
	EndProjectSection
EndProject
Project("{8BC9CEB8-8B4A-11D0-8D11-00A0C91BC942}") = "ui_test", "ui_test\ui_test.vcproj", "{1FBF9A9D-95E7-43A2-8821-A85EF050DA09}"
	ProjectSection(ProjectDependencies) = postProject
		{624282D0-8169-423E-B330-0C7CBD4C9254} = {624282D0-8169-423E-B330-0C7CBD4C9254}
	EndProjectSection
EndProject
Project("{8BC9CEB8-8B4A-11D0-8D11-00A0C91BC942}") = "Logo Plug-in", "LogoPlugin\LogoPlugin.vcproj", "{32089222-7A08-4558-9178-A900635CC32F}"
	ProjectSection(ProjectDependencies) = postProject
		{624282D0-8169-423E-B330-0C7CBD4C9254} = {624282D0-8169-423E-B330-0C7CBD4C9254}
	EndProjectSection
EndProject
Project("{8BC9CEB8-8B4A-11D0-8D11-00A0C91BC942}") = "Grab Plug-in", "GrabPlugin\GrabPlugin.vcproj", "{A0218102-78F5-48BB-A6C6-F81B3759ED60}"
	ProjectSection(ProjectDependencies) = postProject
		{624282D0-8169-423E-B330-0C7CBD4C9254} = {624282D0-8169-423E-B330-0C7CBD4C9254}
	EndProjectSection
EndProject
Project("{8BC9CEB8-8B4A-11D0-8D11-00A0C91BC942}") = "Basic Move Strategy Plug-in", "GrabPlugin\BasicMoveStrategy\BasicMoveStrategy.vcproj", "{B6EDEE2D-5973-41CF-A75F-7D5F1DCC97C7}"
	ProjectSection(ProjectDependencies) = postProject
		{A0218102-78F5-48BB-A6C6-F81B3759ED60} = {A0218102-78F5-48BB-A6C6-F81B3759ED60}
		{624282D0-8169-423E-B330-0C7CBD4C9254} = {624282D0-8169-423E-B330-0C7CBD4C9254}
	EndProjectSection
EndProject
Project("{8BC9CEB8-8B4A-11D0-8D11-00A0C91BC942}") = "Center Point Move Strategy Plug-in", "GrabPlugin\CenterPointMoveStrategy\CenterPointMoveStrategy.vcproj", "{373DB008-D3CE-4253-97A2-FE24FBDF9359}"
	ProjectSection(ProjectDependencies) = postProject
		{A0218102-78F5-48BB-A6C6-F81B3759ED60} = {A0218102-78F5-48BB-A6C6-F81B3759ED60}
		{624282D0-8169-423E-B330-0C7CBD4C9254} = {624282D0-8169-423E-B330-0C7CBD4C9254}
	EndProjectSection
EndProject
Project("{8BC9CEB8-8B4A-11D0-8D11-00A0C91BC942}") = "Point Intersection Strategy Plug-in", "GrabPlugin\PointIntersectionStrategy\PointIntersectionStrategy.vcproj", "{60FCF815-C5C8-4C67-ABD4-C990EE35C612}"
	ProjectSection(ProjectDependencies) = postProject
		{A0218102-78F5-48BB-A6C6-F81B3759ED60} = {A0218102-78F5-48BB-A6C6-F81B3759ED60}
		{624282D0-8169-423E-B330-0C7CBD4C9254} = {624282D0-8169-423E-B330-0C7CBD4C9254}
	EndProjectSection
EndProject
Project("{8BC9CEB8-8B4A-11D0-8D11-00A0C91BC942}") = "Ray Intersection Strategy Plug-in", "GrabPlugin\RayInterSectionStrategy\RayIntersectionStrategy.vcproj", "{1C014C08-052F-4854-9412-3DF262A26A28}"
	ProjectSection(ProjectDependencies) = postProject
		{A0218102-78F5-48BB-A6C6-F81B3759ED60} = {A0218102-78F5-48BB-A6C6-F81B3759ED60}
		{624282D0-8169-423E-B330-0C7CBD4C9254} = {624282D0-8169-423E-B330-0C7CBD4C9254}
	EndProjectSection
EndProject
Project("{8BC9CEB8-8B4A-11D0-8D11-00A0C91BC942}") = "Slide Move Strategy Plug-in", "GrabPlugin\SlideMoveStrategy\SlideMoveStrategy.vcproj", "{BFE646EE-4443-4280-BF4D-7F7DD128CA0A}"
	ProjectSection(ProjectDependencies) = postProject
		{A0218102-78F5-48BB-A6C6-F81B3759ED60} = {A0218102-78F5-48BB-A6C6-F81B3759ED60}
		{624282D0-8169-423E-B330-0C7CBD4C9254} = {624282D0-8169-423E-B330-0C7CBD4C9254}
	EndProjectSection
EndProject
Project("{8BC9CEB8-8B4A-11D0-8D11-00A0C91BC942}") = "Grid Plug-in", "GridPlugin\GridPlugin.vcproj", "{C48C7C74-9F70-4238-ADA8-F213E403F87C}"
	ProjectSection(ProjectDependencies) = postProject
		{624282D0-8169-423E-B330-0C7CBD4C9254} = {624282D0-8169-423E-B330-0C7CBD4C9254}
	EndProjectSection
EndProject
Project("{8BC9CEB8-8B4A-11D0-8D11-00A0C91BC942}") = "Pick Plug-in", "PickPlugin\PickPlugin.vcproj", "{9586F3EE-3742-455C-AFE2-3494F924AEC7}"
	ProjectSection(ProjectDependencies) = postProject
		{624282D0-8169-423E-B330-0C7CBD4C9254} = {624282D0-8169-423E-B330-0C7CBD4C9254}
	EndProjectSection
EndProject
Project("{8BC9CEB8-8B4A-11D0-8D11-00A0C91BC942}") = "Widget Plug-in", "WidgetPlugin\WidgetPlugin.vcproj", "{335813F4-79B5-4805-9256-49D84AD6196D}"
	ProjectSection(ProjectDependencies) = postProject
		{624282D0-8169-423E-B330-0C7CBD4C9254} = {624282D0-8169-423E-B330-0C7CBD4C9254}
	EndProjectSection
EndProject
Project("{8BC9CEB8-8B4A-11D0-8D11-00A0C91BC942}") = "Object Space Move Strategy Plug-in", "GrabPlugin\ObjectSpaceMoveStrategy\ObjectSpaceMoveStrategy.vcproj", "{F5F088C5-8ED8-4880-AB0F-AFC737DB50AB}"
	ProjectSection(ProjectDependencies) = postProject
		{A0218102-78F5-48BB-A6C6-F81B3759ED60} = {A0218102-78F5-48BB-A6C6-F81B3759ED60}
		{624282D0-8169-423E-B330-0C7CBD4C9254} = {624282D0-8169-423E-B330-0C7CBD4C9254}
	EndProjectSection
EndProject
Project("{8BC9CEB8-8B4A-11D0-8D11-00A0C91BC942}") = "Mode Harness Plug-in", "ModeHarnessPlugin\ModeHarnessPlugin.vcproj", "{972511E2-29B8-4121-88A4-7DB6FC7B56C9}"
	ProjectSection(ProjectDependencies) = postProject
	EndProjectSection
EndProject
Project("{8BC9CEB8-8B4A-11D0-8D11-00A0C91BC942}") = "Model Swap Plug-in", "ModelSwapPlugin\ModelSwapPlugin.vcproj", "{F40CFACF-18B8-4A6E-BD27-2AC0E7B03555}"
	ProjectSection(ProjectDependencies) = postProject
		{624282D0-8169-423E-B330-0C7CBD4C9254} = {624282D0-8169-423E-B330-0C7CBD4C9254}
	EndProjectSection
EndProject
Project("{8BC9CEB8-8B4A-11D0-8D11-00A0C91BC942}") = "Model Loader Plug-in", "ModelLoaderPlugin\ModelLoaderPlugin.vcproj", "{86AF5D6A-2049-4014-AED1-12C3297708C2}"
	ProjectSection(ProjectDependencies) = postProject
		{624282D0-8169-423E-B330-0C7CBD4C9254} = {624282D0-8169-423E-B330-0C7CBD4C9254}
	EndProjectSection
EndProject
Project("{8BC9CEB8-8B4A-11D0-8D11-00A0C91BC942}") = "Volume Drawing Plug-in", "VolumeDrawingPlugin\VolumeDrawingPlugin.vcproj", "{D6F482D1-8E91-4A3F-B3A4-F2187CABD222}"
	ProjectSection(ProjectDependencies) = postProject
	EndProjectSection
EndProject
Global
	GlobalSection(SolutionConfiguration) = preSolution
		DebugDLL = DebugDLL
		ReleaseDLL = ReleaseDLL
	EndGlobalSection
	GlobalSection(ProjectConfiguration) = postSolution
		{C62950FE-F583-4C1F-83F4-4F106EFD52F4}.DebugDLL.ActiveCfg = DebugDLL|Win32
		{C62950FE-F583-4C1F-83F4-4F106EFD52F4}.DebugDLL.Build.0 = DebugDLL|Win32
		{C62950FE-F583-4C1F-83F4-4F106EFD52F4}.ReleaseDLL.ActiveCfg = ReleaseDLL|Win32
		{C62950FE-F583-4C1F-83F4-4F106EFD52F4}.ReleaseDLL.Build.0 = ReleaseDLL|Win32
		{D7095554-E63D-44C2-B944-116EB7458306}.DebugDLL.ActiveCfg = DebugDLL|Win32
		{D7095554-E63D-44C2-B944-116EB7458306}.DebugDLL.Build.0 = DebugDLL|Win32
		{D7095554-E63D-44C2-B944-116EB7458306}.ReleaseDLL.ActiveCfg = ReleaseDLL|Win32
		{D7095554-E63D-44C2-B944-116EB7458306}.ReleaseDLL.Build.0 = ReleaseDLL|Win32
		{624282D0-8169-423E-B330-0C7CBD4C9254}.DebugDLL.ActiveCfg = DebugDLL|Win32
		{624282D0-8169-423E-B330-0C7CBD4C9254}.DebugDLL.Build.0 = DebugDLL|Win32
		{624282D0-8169-423E-B330-0C7CBD4C9254}.ReleaseDLL.ActiveCfg = ReleaseDLL|Win32
		{624282D0-8169-423E-B330-0C7CBD4C9254}.ReleaseDLL.Build.0 = ReleaseDLL|Win32
		{AD7EA7CC-5C2B-4409-AF41-AD23E51E5538}.DebugDLL.ActiveCfg = DebugDLL|Win32
		{AD7EA7CC-5C2B-4409-AF41-AD23E51E5538}.DebugDLL.Build.0 = DebugDLL|Win32
		{AD7EA7CC-5C2B-4409-AF41-AD23E51E5538}.ReleaseDLL.ActiveCfg = ReleaseDLL|Win32
		{AD7EA7CC-5C2B-4409-AF41-AD23E51E5538}.ReleaseDLL.Build.0 = ReleaseDLL|Win32
		{A5B4D50C-3F5A-43EA-B9F6-6A06EA5780B3}.DebugDLL.ActiveCfg = DebugDLL|Win32
		{A5B4D50C-3F5A-43EA-B9F6-6A06EA5780B3}.DebugDLL.Build.0 = DebugDLL|Win32
		{A5B4D50C-3F5A-43EA-B9F6-6A06EA5780B3}.ReleaseDLL.ActiveCfg = ReleaseDLL|Win32
		{A5B4D50C-3F5A-43EA-B9F6-6A06EA5780B3}.ReleaseDLL.Build.0 = ReleaseDLL|Win32
		{ACCCF9F2-B4D3-4B6F-86B2-B8A5198CA38E}.DebugDLL.ActiveCfg = DebugDLL|Win32
		{ACCCF9F2-B4D3-4B6F-86B2-B8A5198CA38E}.DebugDLL.Build.0 = DebugDLL|Win32
		{ACCCF9F2-B4D3-4B6F-86B2-B8A5198CA38E}.ReleaseDLL.ActiveCfg = ReleaseDLL|Win32
		{ACCCF9F2-B4D3-4B6F-86B2-B8A5198CA38E}.ReleaseDLL.Build.0 = ReleaseDLL|Win32
		{9A98F258-1C50-4BE4-8DB7-C831D1952209}.DebugDLL.ActiveCfg = DebugDLL|Win32
		{9A98F258-1C50-4BE4-8DB7-C831D1952209}.DebugDLL.Build.0 = DebugDLL|Win32
		{9A98F258-1C50-4BE4-8DB7-C831D1952209}.ReleaseDLL.ActiveCfg = ReleaseDLL|Win32
		{9A98F258-1C50-4BE4-8DB7-C831D1952209}.ReleaseDLL.Build.0 = ReleaseDLL|Win32
		{1FBF9A9D-95E7-43A2-8821-A85EF050DA09}.DebugDLL.ActiveCfg = DebugDLL|Win32
		{1FBF9A9D-95E7-43A2-8821-A85EF050DA09}.DebugDLL.Build.0 = DebugDLL|Win32
		{1FBF9A9D-95E7-43A2-8821-A85EF050DA09}.ReleaseDLL.ActiveCfg = ReleaseDLL|Win32
		{1FBF9A9D-95E7-43A2-8821-A85EF050DA09}.ReleaseDLL.Build.0 = ReleaseDLL|Win32
		{32089222-7A08-4558-9178-A900635CC32F}.DebugDLL.ActiveCfg = DebugDLL|Win32
		{32089222-7A08-4558-9178-A900635CC32F}.DebugDLL.Build.0 = DebugDLL|Win32
		{32089222-7A08-4558-9178-A900635CC32F}.ReleaseDLL.ActiveCfg = ReleaseDLL|Win32
		{32089222-7A08-4558-9178-A900635CC32F}.ReleaseDLL.Build.0 = ReleaseDLL|Win32
		{A0218102-78F5-48BB-A6C6-F81B3759ED60}.DebugDLL.ActiveCfg = DebugDLL|Win32
		{A0218102-78F5-48BB-A6C6-F81B3759ED60}.DebugDLL.Build.0 = DebugDLL|Win32
		{A0218102-78F5-48BB-A6C6-F81B3759ED60}.ReleaseDLL.ActiveCfg = ReleaseDLL|Win32
		{A0218102-78F5-48BB-A6C6-F81B3759ED60}.ReleaseDLL.Build.0 = ReleaseDLL|Win32
		{B6EDEE2D-5973-41CF-A75F-7D5F1DCC97C7}.DebugDLL.ActiveCfg = DebugDLL|Win32
		{B6EDEE2D-5973-41CF-A75F-7D5F1DCC97C7}.DebugDLL.Build.0 = DebugDLL|Win32
		{B6EDEE2D-5973-41CF-A75F-7D5F1DCC97C7}.ReleaseDLL.ActiveCfg = ReleaseDLL|Win32
		{B6EDEE2D-5973-41CF-A75F-7D5F1DCC97C7}.ReleaseDLL.Build.0 = ReleaseDLL|Win32
		{373DB008-D3CE-4253-97A2-FE24FBDF9359}.DebugDLL.ActiveCfg = DebugDLL|Win32
		{373DB008-D3CE-4253-97A2-FE24FBDF9359}.DebugDLL.Build.0 = DebugDLL|Win32
		{373DB008-D3CE-4253-97A2-FE24FBDF9359}.ReleaseDLL.ActiveCfg = ReleaseDLL|Win32
		{373DB008-D3CE-4253-97A2-FE24FBDF9359}.ReleaseDLL.Build.0 = ReleaseDLL|Win32
		{60FCF815-C5C8-4C67-ABD4-C990EE35C612}.DebugDLL.ActiveCfg = DebugDLL|Win32
		{60FCF815-C5C8-4C67-ABD4-C990EE35C612}.DebugDLL.Build.0 = DebugDLL|Win32
		{60FCF815-C5C8-4C67-ABD4-C990EE35C612}.ReleaseDLL.ActiveCfg = ReleaseDLL|Win32
		{60FCF815-C5C8-4C67-ABD4-C990EE35C612}.ReleaseDLL.Build.0 = ReleaseDLL|Win32
		{1C014C08-052F-4854-9412-3DF262A26A28}.DebugDLL.ActiveCfg = DebugDLL|Win32
		{1C014C08-052F-4854-9412-3DF262A26A28}.DebugDLL.Build.0 = DebugDLL|Win32
		{1C014C08-052F-4854-9412-3DF262A26A28}.ReleaseDLL.ActiveCfg = ReleaseDLL|Win32
		{1C014C08-052F-4854-9412-3DF262A26A28}.ReleaseDLL.Build.0 = ReleaseDLL|Win32
		{BFE646EE-4443-4280-BF4D-7F7DD128CA0A}.DebugDLL.ActiveCfg = DebugDLL|Win32
		{BFE646EE-4443-4280-BF4D-7F7DD128CA0A}.DebugDLL.Build.0 = DebugDLL|Win32
		{BFE646EE-4443-4280-BF4D-7F7DD128CA0A}.ReleaseDLL.ActiveCfg = ReleaseDLL|Win32
		{BFE646EE-4443-4280-BF4D-7F7DD128CA0A}.ReleaseDLL.Build.0 = ReleaseDLL|Win32
		{C48C7C74-9F70-4238-ADA8-F213E403F87C}.DebugDLL.ActiveCfg = DebugDLL|Win32
		{C48C7C74-9F70-4238-ADA8-F213E403F87C}.DebugDLL.Build.0 = DebugDLL|Win32
		{C48C7C74-9F70-4238-ADA8-F213E403F87C}.ReleaseDLL.ActiveCfg = ReleaseDLL|Win32
		{C48C7C74-9F70-4238-ADA8-F213E403F87C}.ReleaseDLL.Build.0 = ReleaseDLL|Win32
		{9586F3EE-3742-455C-AFE2-3494F924AEC7}.DebugDLL.ActiveCfg = DebugDLL|Win32
		{9586F3EE-3742-455C-AFE2-3494F924AEC7}.DebugDLL.Build.0 = DebugDLL|Win32
		{9586F3EE-3742-455C-AFE2-3494F924AEC7}.ReleaseDLL.ActiveCfg = ReleaseDLL|Win32
		{9586F3EE-3742-455C-AFE2-3494F924AEC7}.ReleaseDLL.Build.0 = ReleaseDLL|Win32
		{335813F4-79B5-4805-9256-49D84AD6196D}.DebugDLL.ActiveCfg = DebugDLL|Win32
		{335813F4-79B5-4805-9256-49D84AD6196D}.DebugDLL.Build.0 = DebugDLL|Win32
		{335813F4-79B5-4805-9256-49D84AD6196D}.ReleaseDLL.ActiveCfg = ReleaseDLL|Win32
		{335813F4-79B5-4805-9256-49D84AD6196D}.ReleaseDLL.Build.0 = ReleaseDLL|Win32
		{F5F088C5-8ED8-4880-AB0F-AFC737DB50AB}.DebugDLL.ActiveCfg = DebugDLL|Win32
		{F5F088C5-8ED8-4880-AB0F-AFC737DB50AB}.DebugDLL.Build.0 = DebugDLL|Win32
		{F5F088C5-8ED8-4880-AB0F-AFC737DB50AB}.ReleaseDLL.ActiveCfg = ReleaseDLL|Win32
		{F5F088C5-8ED8-4880-AB0F-AFC737DB50AB}.ReleaseDLL.Build.0 = ReleaseDLL|Win32
		{972511E2-29B8-4121-88A4-7DB6FC7B56C9}.DebugDLL.ActiveCfg = DebugDLL|Win32
		{972511E2-29B8-4121-88A4-7DB6FC7B56C9}.DebugDLL.Build.0 = DebugDLL|Win32
		{972511E2-29B8-4121-88A4-7DB6FC7B56C9}.ReleaseDLL.ActiveCfg = ReleaseDLL|Win32
		{972511E2-29B8-4121-88A4-7DB6FC7B56C9}.ReleaseDLL.Build.0 = ReleaseDLL|Win32
		{F40CFACF-18B8-4A6E-BD27-2AC0E7B03555}.DebugDLL.ActiveCfg = DebugDLL|Win32
		{F40CFACF-18B8-4A6E-BD27-2AC0E7B03555}.DebugDLL.Build.0 = DebugDLL|Win32
		{F40CFACF-18B8-4A6E-BD27-2AC0E7B03555}.ReleaseDLL.ActiveCfg = ReleaseDLL|Win32
		{F40CFACF-18B8-4A6E-BD27-2AC0E7B03555}.ReleaseDLL.Build.0 = ReleaseDLL|Win32
		{86AF5D6A-2049-4014-AED1-12C3297708C2}.DebugDLL.ActiveCfg = DebugDLL|Win32
		{86AF5D6A-2049-4014-AED1-12C3297708C2}.DebugDLL.Build.0 = DebugDLL|Win32
		{86AF5D6A-2049-4014-AED1-12C3297708C2}.ReleaseDLL.ActiveCfg = ReleaseDLL|Win32
		{86AF5D6A-2049-4014-AED1-12C3297708C2}.ReleaseDLL.Build.0 = ReleaseDLL|Win32
		{D6F482D1-8E91-4A3F-B3A4-F2187CABD222}.DebugDLL.ActiveCfg = DebugDLL|Win32
		{D6F482D1-8E91-4A3F-B3A4-F2187CABD222}.DebugDLL.Build.0 = DebugDLL|Win32
		{D6F482D1-8E91-4A3F-B3A4-F2187CABD222}.ReleaseDLL.ActiveCfg = ReleaseDLL|Win32
		{D6F482D1-8E91-4A3F-B3A4-F2187CABD222}.ReleaseDLL.Build.0 = ReleaseDLL|Win32
	EndGlobalSection
	GlobalSection(ExtensibilityGlobals) = postSolution
	EndGlobalSection
	GlobalSection(ExtensibilityAddIns) = postSolution
	EndGlobalSection
EndGlobal
